
Microsoft Visual Studio Solution File, Format Version 12.00
# Visual Studio 15
VisualStudioVersion = 15.0.26730.10
MinimumVisualStudioVersion = 10.0.40219.1


Project("{9A19103F-16F7-4668-BE54-9A1E7A4F7556}") = "CafeteriaMoviles", "CafeteriaMoviles\CafeteriaMoviles\CafeteriaMoviles.csproj", "{E4A68823-C4BE-4204-9D90-6E037CA84864}"
EndProject

Project("{FAE04EC0-301F-11D3-BF4B-00C04F79EFBC}") = "CafeteriaMoviles.iOS", "CafeteriaMoviles\CafeteriaMoviles.iOS\CafeteriaMoviles.iOS.csproj", "{3E20955B-9687-4B38-AD0F-7B5E915ED135}"
EndProject


Project("{FAE04EC0-301F-11D3-BF4B-00C04F79EFBC}") = "CafeteriaMoviles.Android", "CafeteriaMoviles\CafeteriaMoviles.Android\CafeteriaMoviles.Android.csproj", "{3D313758-3EC1-47BC-AF42-3C991863202D}"
EndProject

Project("{FAE04EC0-301F-11D3-BF4B-00C04F79EFBC}") = "CafeteriaMoviles.UWP", "CafeteriaMoviles\CafeteriaMoviles.UWP\CafeteriaMoviles.UWP.csproj", "{FA37EA97-9D04-4BB5-AD8B-9C6D220C04AC}"
EndProject

Global
	GlobalSection(SolutionConfigurationPlatforms) = preSolution
		Ad-Hoc|Any CPU = Ad-Hoc|Any CPU
		Ad-Hoc|ARM = Ad-Hoc|ARM
		Ad-Hoc|iPhone = Ad-Hoc|iPhone
		Ad-Hoc|iPhoneSimulator = Ad-Hoc|iPhoneSimulator
		Ad-Hoc|x64 = Ad-Hoc|x64
		Ad-Hoc|x86 = Ad-Hoc|x86
		AppStore|Any CPU = AppStore|Any CPU
		AppStore|ARM = AppStore|ARM
		AppStore|iPhone = AppStore|iPhone
		AppStore|iPhoneSimulator = AppStore|iPhoneSimulator
		AppStore|x64 = AppStore|x64
		AppStore|x86 = AppStore|x86
		Debug|Any CPU = Debug|Any CPU
		Debug|ARM = Debug|ARM
		Debug|iPhone = Debug|iPhone
		Debug|iPhoneSimulator = Debug|iPhoneSimulator
		Debug|x64 = Debug|x64
		Debug|x86 = Debug|x86
		Release|Any CPU = Release|Any CPU
		Release|ARM = Release|ARM
		Release|iPhone = Release|iPhone
		Release|iPhoneSimulator = Release|iPhoneSimulator
		Release|x64 = Release|x64
		Release|x86 = Release|x86
	EndGlobalSection
	GlobalSection(ProjectConfigurationPlatforms) = postSolution
		{E4A68823-C4BE-4204-9D90-6E037CA84864}.Ad-Hoc|Any CPU.ActiveCfg = Debug|Any CPU
		{E4A68823-C4BE-4204-9D90-6E037CA84864}.Ad-Hoc|Any CPU.Build.0 = Debug|Any CPU
		{E4A68823-C4BE-4204-9D90-6E037CA84864}.Ad-Hoc|ARM.ActiveCfg = Debug|Any CPU
		{E4A68823-C4BE-4204-9D90-6E037CA84864}.Ad-Hoc|ARM.Build.0 = Debug|Any CPU
		{E4A68823-C4BE-4204-9D90-6E037CA84864}.Ad-Hoc|iPhone.ActiveCfg = Debug|Any CPU
		{E4A68823-C4BE-4204-9D90-6E037CA84864}.Ad-Hoc|iPhone.Build.0 = Debug|Any CPU
		{E4A68823-C4BE-4204-9D90-6E037CA84864}.Ad-Hoc|iPhoneSimulator.ActiveCfg = Debug|Any CPU
		{E4A68823-C4BE-4204-9D90-6E037CA84864}.Ad-Hoc|iPhoneSimulator.Build.0 = Debug|Any CPU
		{E4A68823-C4BE-4204-9D90-6E037CA84864}.Ad-Hoc|x64.ActiveCfg = Debug|Any CPU
		{E4A68823-C4BE-4204-9D90-6E037CA84864}.Ad-Hoc|x64.Build.0 = Debug|Any CPU
		{E4A68823-C4BE-4204-9D90-6E037CA84864}.Ad-Hoc|x86.ActiveCfg = Debug|Any CPU
		{E4A68823-C4BE-4204-9D90-6E037CA84864}.Ad-Hoc|x86.Build.0 = Debug|Any CPU
		{E4A68823-C4BE-4204-9D90-6E037CA84864}.AppStore|Any CPU.ActiveCfg = Debug|Any CPU
		{E4A68823-C4BE-4204-9D90-6E037CA84864}.AppStore|Any CPU.Build.0 = Debug|Any CPU
		{E4A68823-C4BE-4204-9D90-6E037CA84864}.AppStore|ARM.ActiveCfg = Debug|Any CPU
		{E4A68823-C4BE-4204-9D90-6E037CA84864}.AppStore|ARM.Build.0 = Debug|Any CPU
		{E4A68823-C4BE-4204-9D90-6E037CA84864}.AppStore|iPhone.ActiveCfg = Debug|Any CPU
		{E4A68823-C4BE-4204-9D90-6E037CA84864}.AppStore|iPhone.Build.0 = Debug|Any CPU
		{E4A68823-C4BE-4204-9D90-6E037CA84864}.AppStore|iPhoneSimulator.ActiveCfg = Debug|Any CPU
		{E4A68823-C4BE-4204-9D90-6E037CA84864}.AppStore|iPhoneSimulator.Build.0 = Debug|Any CPU
		{E4A68823-C4BE-4204-9D90-6E037CA84864}.AppStore|x64.ActiveCfg = Debug|Any CPU
		{E4A68823-C4BE-4204-9D90-6E037CA84864}.AppStore|x64.Build.0 = Debug|Any CPU
		{E4A68823-C4BE-4204-9D90-6E037CA84864}.AppStore|x86.ActiveCfg = Debug|Any CPU
		{E4A68823-C4BE-4204-9D90-6E037CA84864}.AppStore|x86.Build.0 = Debug|Any CPU
		{E4A68823-C4BE-4204-9D90-6E037CA84864}.Debug|Any CPU.ActiveCfg = Debug|Any CPU
		{E4A68823-C4BE-4204-9D90-6E037CA84864}.Debug|Any CPU.Build.0 = Debug|Any CPU
		{E4A68823-C4BE-4204-9D90-6E037CA84864}.Debug|ARM.ActiveCfg = Debug|Any CPU
		{E4A68823-C4BE-4204-9D90-6E037CA84864}.Debug|ARM.Build.0 = Debug|Any CPU
		{E4A68823-C4BE-4204-9D90-6E037CA84864}.Debug|iPhone.ActiveCfg = Debug|Any CPU
		{E4A68823-C4BE-4204-9D90-6E037CA84864}.Debug|iPhone.Build.0 = Debug|Any CPU
		{E4A68823-C4BE-4204-9D90-6E037CA84864}.Debug|iPhoneSimulator.ActiveCfg = Debug|Any CPU
		{E4A68823-C4BE-4204-9D90-6E037CA84864}.Debug|iPhoneSimulator.Build.0 = Debug|Any CPU
		{E4A68823-C4BE-4204-9D90-6E037CA84864}.Debug|x64.ActiveCfg = Debug|Any CPU
		{E4A68823-C4BE-4204-9D90-6E037CA84864}.Debug|x64.Build.0 = Debug|Any CPU
		{E4A68823-C4BE-4204-9D90-6E037CA84864}.Debug|x86.ActiveCfg = Debug|Any CPU
		{E4A68823-C4BE-4204-9D90-6E037CA84864}.Debug|x86.Build.0 = Debug|Any CPU
		{E4A68823-C4BE-4204-9D90-6E037CA84864}.Release|Any CPU.ActiveCfg = Release|Any CPU
		{E4A68823-C4BE-4204-9D90-6E037CA84864}.Release|Any CPU.Build.0 = Release|Any CPU
		{E4A68823-C4BE-4204-9D90-6E037CA84864}.Release|ARM.ActiveCfg = Release|Any CPU
		{E4A68823-C4BE-4204-9D90-6E037CA84864}.Release|ARM.Build.0 = Release|Any CPU
		{E4A68823-C4BE-4204-9D90-6E037CA84864}.Release|iPhone.ActiveCfg = Release|Any CPU
		{E4A68823-C4BE-4204-9D90-6E037CA84864}.Release|iPhone.Build.0 = Release|Any CPU
		{E4A68823-C4BE-4204-9D90-6E037CA84864}.Release|iPhoneSimulator.ActiveCfg = Release|Any CPU
		{E4A68823-C4BE-4204-9D90-6E037CA84864}.Release|iPhoneSimulator.Build.0 = Release|Any CPU
		{E4A68823-C4BE-4204-9D90-6E037CA84864}.Release|x64.ActiveCfg = Release|Any CPU
		{E4A68823-C4BE-4204-9D90-6E037CA84864}.Release|x64.Build.0 = Release|Any CPU
		{E4A68823-C4BE-4204-9D90-6E037CA84864}.Release|x86.ActiveCfg = Release|Any CPU
		{E4A68823-C4BE-4204-9D90-6E037CA84864}.Release|x86.Build.0 = Release|Any CPU
		{3E20955B-9687-4B38-AD0F-7B5E915ED135}.Ad-Hoc|Any CPU.ActiveCfg = Ad-Hoc|iPhone
		{3E20955B-9687-4B38-AD0F-7B5E915ED135}.Ad-Hoc|ARM.ActiveCfg = Ad-Hoc|iPhone
		{3E20955B-9687-4B38-AD0F-7B5E915ED135}.Ad-Hoc|iPhone.ActiveCfg = Ad-Hoc|iPhone
		{3E20955B-9687-4B38-AD0F-7B5E915ED135}.Ad-Hoc|iPhone.Build.0 = Ad-Hoc|iPhone
		{3E20955B-9687-4B38-AD0F-7B5E915ED135}.Ad-Hoc|iPhoneSimulator.ActiveCfg = Ad-Hoc|iPhoneSimulator
		{3E20955B-9687-4B38-AD0F-7B5E915ED135}.Ad-Hoc|iPhoneSimulator.Build.0 = Ad-Hoc|iPhoneSimulator
		{3E20955B-9687-4B38-AD0F-7B5E915ED135}.Ad-Hoc|x64.ActiveCfg = Ad-Hoc|iPhone
		{3E20955B-9687-4B38-AD0F-7B5E915ED135}.Ad-Hoc|x86.ActiveCfg = Ad-Hoc|iPhone
		{3E20955B-9687-4B38-AD0F-7B5E915ED135}.AppStore|Any CPU.ActiveCfg = AppStore|iPhone
		{3E20955B-9687-4B38-AD0F-7B5E915ED135}.AppStore|ARM.ActiveCfg = AppStore|iPhone
		{3E20955B-9687-4B38-AD0F-7B5E915ED135}.AppStore|iPhone.ActiveCfg = AppStore|iPhone
		{3E20955B-9687-4B38-AD0F-7B5E915ED135}.AppStore|iPhone.Build.0 = AppStore|iPhone
		{3E20955B-9687-4B38-AD0F-7B5E915ED135}.AppStore|iPhoneSimulator.ActiveCfg = AppStore|iPhoneSimulator
		{3E20955B-9687-4B38-AD0F-7B5E915ED135}.AppStore|iPhoneSimulator.Build.0 = AppStore|iPhoneSimulator
		{3E20955B-9687-4B38-AD0F-7B5E915ED135}.AppStore|x64.ActiveCfg = AppStore|iPhone
		{3E20955B-9687-4B38-AD0F-7B5E915ED135}.AppStore|x86.ActiveCfg = AppStore|iPhone
		{3E20955B-9687-4B38-AD0F-7B5E915ED135}.Debug|Any CPU.ActiveCfg = Debug|iPhone
		{3E20955B-9687-4B38-AD0F-7B5E915ED135}.Debug|ARM.ActiveCfg = Debug|iPhone
		{3E20955B-9687-4B38-AD0F-7B5E915ED135}.Debug|iPhone.ActiveCfg = Debug|iPhone
		{3E20955B-9687-4B38-AD0F-7B5E915ED135}.Debug|iPhone.Build.0 = Debug|iPhone
		{3E20955B-9687-4B38-AD0F-7B5E915ED135}.Debug|iPhoneSimulator.ActiveCfg = Debug|iPhoneSimulator
		{3E20955B-9687-4B38-AD0F-7B5E915ED135}.Debug|iPhoneSimulator.Build.0 = Debug|iPhoneSimulator
		{3E20955B-9687-4B38-AD0F-7B5E915ED135}.Debug|x64.ActiveCfg = Debug|iPhone
		{3E20955B-9687-4B38-AD0F-7B5E915ED135}.Debug|x86.ActiveCfg = Debug|iPhone
		{3E20955B-9687-4B38-AD0F-7B5E915ED135}.Release|Any CPU.ActiveCfg = Release|iPhone
		{3E20955B-9687-4B38-AD0F-7B5E915ED135}.Release|ARM.ActiveCfg = Release|iPhone
		{3E20955B-9687-4B38-AD0F-7B5E915ED135}.Release|iPhone.ActiveCfg = Release|iPhone
		{3E20955B-9687-4B38-AD0F-7B5E915ED135}.Release|iPhone.Build.0 = Release|iPhone
		{3E20955B-9687-4B38-AD0F-7B5E915ED135}.Release|iPhoneSimulator.ActiveCfg = Release|iPhoneSimulator
		{3E20955B-9687-4B38-AD0F-7B5E915ED135}.Release|iPhoneSimulator.Build.0 = Release|iPhoneSimulator
		{3E20955B-9687-4B38-AD0F-7B5E915ED135}.Release|x64.ActiveCfg = Release|iPhone
		{3E20955B-9687-4B38-AD0F-7B5E915ED135}.Release|x86.ActiveCfg = Release|iPhone
		{FA37EA97-9D04-4BB5-AD8B-9C6D220C04AC}.Ad-Hoc|Any CPU.ActiveCfg = Release|x86
		{FA37EA97-9D04-4BB5-AD8B-9C6D220C04AC}.Ad-Hoc|Any CPU.Build.0 = Release|x86
		{FA37EA97-9D04-4BB5-AD8B-9C6D220C04AC}.Ad-Hoc|Any CPU.Deploy.0 = Release|x86
		{FA37EA97-9D04-4BB5-AD8B-9C6D220C04AC}.Ad-Hoc|ARM.ActiveCfg = Release|ARM
		{FA37EA97-9D04-4BB5-AD8B-9C6D220C04AC}.Ad-Hoc|ARM.Build.0 = Release|ARM
		{FA37EA97-9D04-4BB5-AD8B-9C6D220C04AC}.Ad-Hoc|ARM.Deploy.0 = Release|ARM
		{FA37EA97-9D04-4BB5-AD8B-9C6D220C04AC}.Ad-Hoc|iPhone.ActiveCfg = Release|x86
		{FA37EA97-9D04-4BB5-AD8B-9C6D220C04AC}.Ad-Hoc|iPhone.Build.0 = Release|x86
		{FA37EA97-9D04-4BB5-AD8B-9C6D220C04AC}.Ad-Hoc|iPhone.Deploy.0 = Release|x86
		{FA37EA97-9D04-4BB5-AD8B-9C6D220C04AC}.Ad-Hoc|iPhoneSimulator.ActiveCfg = Release|x86
		{FA37EA97-9D04-4BB5-AD8B-9C6D220C04AC}.Ad-Hoc|iPhoneSimulator.Build.0 = Release|x86
		{FA37EA97-9D04-4BB5-AD8B-9C6D220C04AC}.Ad-Hoc|iPhoneSimulator.Deploy.0 = Release|x86
		{FA37EA97-9D04-4BB5-AD8B-9C6D220C04AC}.Ad-Hoc|x64.ActiveCfg = Release|x64
		{FA37EA97-9D04-4BB5-AD8B-9C6D220C04AC}.Ad-Hoc|x64.Build.0 = Release|x64
		{FA37EA97-9D04-4BB5-AD8B-9C6D220C04AC}.Ad-Hoc|x64.Deploy.0 = Release|x64
		{FA37EA97-9D04-4BB5-AD8B-9C6D220C04AC}.Ad-Hoc|x86.ActiveCfg = Release|x86
		{FA37EA97-9D04-4BB5-AD8B-9C6D220C04AC}.Ad-Hoc|x86.Build.0 = Release|x86
		{FA37EA97-9D04-4BB5-AD8B-9C6D220C04AC}.Ad-Hoc|x86.Deploy.0 = Release|x86
		{FA37EA97-9D04-4BB5-AD8B-9C6D220C04AC}.AppStore|Any CPU.ActiveCfg = Release|x86
		{FA37EA97-9D04-4BB5-AD8B-9C6D220C04AC}.AppStore|Any CPU.Build.0 = Release|x86
		{FA37EA97-9D04-4BB5-AD8B-9C6D220C04AC}.AppStore|Any CPU.Deploy.0 = Release|x86
		{FA37EA97-9D04-4BB5-AD8B-9C6D220C04AC}.AppStore|ARM.ActiveCfg = Release|ARM
		{FA37EA97-9D04-4BB5-AD8B-9C6D220C04AC}.AppStore|ARM.Build.0 = Release|ARM
		{FA37EA97-9D04-4BB5-AD8B-9C6D220C04AC}.AppStore|ARM.Deploy.0 = Release|ARM
		{FA37EA97-9D04-4BB5-AD8B-9C6D220C04AC}.AppStore|iPhone.ActiveCfg = Release|x86
		{FA37EA97-9D04-4BB5-AD8B-9C6D220C04AC}.AppStore|iPhone.Build.0 = Release|x86
		{FA37EA97-9D04-4BB5-AD8B-9C6D220C04AC}.AppStore|iPhone.Deploy.0 = Release|x86
		{FA37EA97-9D04-4BB5-AD8B-9C6D220C04AC}.AppStore|iPhoneSimulator.ActiveCfg = Release|x86
		{FA37EA97-9D04-4BB5-AD8B-9C6D220C04AC}.AppStore|iPhoneSimulator.Build.0 = Release|x86
		{FA37EA97-9D04-4BB5-AD8B-9C6D220C04AC}.AppStore|iPhoneSimulator.Deploy.0 = Release|x86
		{FA37EA97-9D04-4BB5-AD8B-9C6D220C04AC}.AppStore|x64.ActiveCfg = Release|x64
		{FA37EA97-9D04-4BB5-AD8B-9C6D220C04AC}.AppStore|x64.Build.0 = Release|x64
		{FA37EA97-9D04-4BB5-AD8B-9C6D220C04AC}.AppStore|x64.Deploy.0 = Release|x64
		{FA37EA97-9D04-4BB5-AD8B-9C6D220C04AC}.AppStore|x86.ActiveCfg = Release|x86
		{FA37EA97-9D04-4BB5-AD8B-9C6D220C04AC}.AppStore|x86.Build.0 = Release|x86
		{FA37EA97-9D04-4BB5-AD8B-9C6D220C04AC}.AppStore|x86.Deploy.0 = Release|x86
		{FA37EA97-9D04-4BB5-AD8B-9C6D220C04AC}.Debug|Any CPU.ActiveCfg = Debug|x86
		{FA37EA97-9D04-4BB5-AD8B-9C6D220C04AC}.Debug|ARM.ActiveCfg = Debug|ARM
		{FA37EA97-9D04-4BB5-AD8B-9C6D220C04AC}.Debug|ARM.Build.0 = Debug|ARM
		{FA37EA97-9D04-4BB5-AD8B-9C6D220C04AC}.Debug|ARM.Deploy.0 = Debug|ARM
		{FA37EA97-9D04-4BB5-AD8B-9C6D220C04AC}.Debug|iPhone.ActiveCfg = Debug|x86
		{FA37EA97-9D04-4BB5-AD8B-9C6D220C04AC}.Debug|iPhoneSimulator.ActiveCfg = Debug|x86
		{FA37EA97-9D04-4BB5-AD8B-9C6D220C04AC}.Debug|x64.ActiveCfg = Debug|x64
		{FA37EA97-9D04-4BB5-AD8B-9C6D220C04AC}.Debug|x64.Build.0 = Debug|x64
		{FA37EA97-9D04-4BB5-AD8B-9C6D220C04AC}.Debug|x64.Deploy.0 = Debug|x64
		{FA37EA97-9D04-4BB5-AD8B-9C6D220C04AC}.Debug|x86.ActiveCfg = Debug|x86
		{FA37EA97-9D04-4BB5-AD8B-9C6D220C04AC}.Debug|x86.Build.0 = Debug|x86
		{FA37EA97-9D04-4BB5-AD8B-9C6D220C04AC}.Debug|x86.Deploy.0 = Debug|x86
		{FA37EA97-9D04-4BB5-AD8B-9C6D220C04AC}.Release|Any CPU.ActiveCfg = Release|x86
		{FA37EA97-9D04-4BB5-AD8B-9C6D220C04AC}.Release|ARM.ActiveCfg = Release|ARM
		{FA37EA97-9D04-4BB5-AD8B-9C6D220C04AC}.Release|ARM.Build.0 = Release|ARM
		{FA37EA97-9D04-4BB5-AD8B-9C6D220C04AC}.Release|ARM.Deploy.0 = Release|ARM
		{FA37EA97-9D04-4BB5-AD8B-9C6D220C04AC}.Release|iPhone.ActiveCfg = Release|x86
		{FA37EA97-9D04-4BB5-AD8B-9C6D220C04AC}.Release|iPhoneSimulator.ActiveCfg = Release|x86
		{FA37EA97-9D04-4BB5-AD8B-9C6D220C04AC}.Release|x64.ActiveCfg = Release|x64
		{FA37EA97-9D04-4BB5-AD8B-9C6D220C04AC}.Release|x64.Build.0 = Release|x64
		{FA37EA97-9D04-4BB5-AD8B-9C6D220C04AC}.Release|x64.Deploy.0 = Release|x64
		{FA37EA97-9D04-4BB5-AD8B-9C6D220C04AC}.Release|x86.ActiveCfg = Release|x86
		{FA37EA97-9D04-4BB5-AD8B-9C6D220C04AC}.Release|x86.Build.0 = Release|x86
		{FA37EA97-9D04-4BB5-AD8B-9C6D220C04AC}.Release|x86.Deploy.0 = Release|x86
		{20FDA6ED-B68E-4610-807B-F358668F181E}.Ad-Hoc|Any CPU.ActiveCfg = Release|Any CPU
		{20FDA6ED-B68E-4610-807B-F358668F181E}.Ad-Hoc|Any CPU.Build.0 = Release|Any CPU
		{20FDA6ED-B68E-4610-807B-F358668F181E}.Ad-Hoc|Any CPU.Deploy.0 = Release|Any CPU
		{20FDA6ED-B68E-4610-807B-F358668F181E}.Ad-Hoc|ARM.ActiveCfg = Release|Any CPU
		{20FDA6ED-B68E-4610-807B-F358668F181E}.Ad-Hoc|ARM.Build.0 = Release|Any CPU
		{20FDA6ED-B68E-4610-807B-F358668F181E}.Ad-Hoc|ARM.Deploy.0 = Release|Any CPU
		{20FDA6ED-B68E-4610-807B-F358668F181E}.Ad-Hoc|iPhone.ActiveCfg = Release|Any CPU
		{20FDA6ED-B68E-4610-807B-F358668F181E}.Ad-Hoc|iPhone.Build.0 = Release|Any CPU
		{20FDA6ED-B68E-4610-807B-F358668F181E}.Ad-Hoc|iPhone.Deploy.0 = Release|Any CPU
		{20FDA6ED-B68E-4610-807B-F358668F181E}.Ad-Hoc|iPhoneSimulator.ActiveCfg = Release|Any CPU
		{20FDA6ED-B68E-4610-807B-F358668F181E}.Ad-Hoc|iPhoneSimulator.Build.0 = Release|Any CPU
		{20FDA6ED-B68E-4610-807B-F358668F181E}.Ad-Hoc|iPhoneSimulator.Deploy.0 = Release|Any CPU
		{20FDA6ED-B68E-4610-807B-F358668F181E}.Ad-Hoc|x64.ActiveCfg = Release|Any CPU
		{20FDA6ED-B68E-4610-807B-F358668F181E}.Ad-Hoc|x64.Build.0 = Release|Any CPU
		{20FDA6ED-B68E-4610-807B-F358668F181E}.Ad-Hoc|x64.Deploy.0 = Release|Any CPU
		{20FDA6ED-B68E-4610-807B-F358668F181E}.Ad-Hoc|x86.ActiveCfg = Release|Any CPU
		{20FDA6ED-B68E-4610-807B-F358668F181E}.Ad-Hoc|x86.Build.0 = Release|Any CPU
		{20FDA6ED-B68E-4610-807B-F358668F181E}.Ad-Hoc|x86.Deploy.0 = Release|Any CPU
		{20FDA6ED-B68E-4610-807B-F358668F181E}.AppStore|Any CPU.ActiveCfg = Release|Any CPU
		{20FDA6ED-B68E-4610-807B-F358668F181E}.AppStore|Any CPU.Build.0 = Release|Any CPU
		{20FDA6ED-B68E-4610-807B-F358668F181E}.AppStore|Any CPU.Deploy.0 = Release|Any CPU
		{20FDA6ED-B68E-4610-807B-F358668F181E}.AppStore|ARM.ActiveCfg = Release|Any CPU
		{20FDA6ED-B68E-4610-807B-F358668F181E}.AppStore|ARM.Build.0 = Release|Any CPU
		{20FDA6ED-B68E-4610-807B-F358668F181E}.AppStore|ARM.Deploy.0 = Release|Any CPU
		{20FDA6ED-B68E-4610-807B-F358668F181E}.AppStore|iPhone.ActiveCfg = Release|Any CPU
		{20FDA6ED-B68E-4610-807B-F358668F181E}.AppStore|iPhone.Build.0 = Release|Any CPU
		{20FDA6ED-B68E-4610-807B-F358668F181E}.AppStore|iPhone.Deploy.0 = Release|Any CPU
		{20FDA6ED-B68E-4610-807B-F358668F181E}.AppStore|iPhoneSimulator.ActiveCfg = Release|Any CPU
		{20FDA6ED-B68E-4610-807B-F358668F181E}.AppStore|iPhoneSimulator.Build.0 = Release|Any CPU
		{20FDA6ED-B68E-4610-807B-F358668F181E}.AppStore|iPhoneSimulator.Deploy.0 = Release|Any CPU
		{20FDA6ED-B68E-4610-807B-F358668F181E}.AppStore|x64.ActiveCfg = Release|Any CPU
		{20FDA6ED-B68E-4610-807B-F358668F181E}.AppStore|x64.Build.0 = Release|Any CPU
		{20FDA6ED-B68E-4610-807B-F358668F181E}.AppStore|x64.Deploy.0 = Release|Any CPU
		{20FDA6ED-B68E-4610-807B-F358668F181E}.AppStore|x86.ActiveCfg = Release|Any CPU
		{20FDA6ED-B68E-4610-807B-F358668F181E}.AppStore|x86.Build.0 = Release|Any CPU
		{20FDA6ED-B68E-4610-807B-F358668F181E}.AppStore|x86.Deploy.0 = Release|Any CPU
		{20FDA6ED-B68E-4610-807B-F358668F181E}.Debug|Any CPU.ActiveCfg = Debug|Any CPU
		{20FDA6ED-B68E-4610-807B-F358668F181E}.Debug|Any CPU.Build.0 = Debug|Any CPU
		{20FDA6ED-B68E-4610-807B-F358668F181E}.Debug|Any CPU.Deploy.0 = Debug|Any CPU
		{20FDA6ED-B68E-4610-807B-F358668F181E}.Debug|ARM.ActiveCfg = Debug|Any CPU
		{20FDA6ED-B68E-4610-807B-F358668F181E}.Debug|ARM.Build.0 = Debug|Any CPU
		{20FDA6ED-B68E-4610-807B-F358668F181E}.Debug|ARM.Deploy.0 = Debug|Any CPU
		{20FDA6ED-B68E-4610-807B-F358668F181E}.Debug|iPhone.ActiveCfg = Debug|Any CPU
		{20FDA6ED-B68E-4610-807B-F358668F181E}.Debug|iPhone.Build.0 = Debug|Any CPU
		{20FDA6ED-B68E-4610-807B-F358668F181E}.Debug|iPhone.Deploy.0 = Debug|Any CPU
		{20FDA6ED-B68E-4610-807B-F358668F181E}.Debug|iPhoneSimulator.ActiveCfg = Debug|Any CPU
		{20FDA6ED-B68E-4610-807B-F358668F181E}.Debug|iPhoneSimulator.Build.0 = Debug|Any CPU
		{20FDA6ED-B68E-4610-807B-F358668F181E}.Debug|iPhoneSimulator.Deploy.0 = Debug|Any CPU
		{20FDA6ED-B68E-4610-807B-F358668F181E}.Debug|x64.ActiveCfg = Debug|Any CPU
		{20FDA6ED-B68E-4610-807B-F358668F181E}.Debug|x64.Build.0 = Debug|Any CPU
		{20FDA6ED-B68E-4610-807B-F358668F181E}.Debug|x64.Deploy.0 = Debug|Any CPU
		{20FDA6ED-B68E-4610-807B-F358668F181E}.Debug|x86.ActiveCfg = Debug|Any CPU
		{20FDA6ED-B68E-4610-807B-F358668F181E}.Debug|x86.Build.0 = Debug|Any CPU
		{20FDA6ED-B68E-4610-807B-F358668F181E}.Debug|x86.Deploy.0 = Debug|Any CPU
		{20FDA6ED-B68E-4610-807B-F358668F181E}.Release|Any CPU.ActiveCfg = Release|Any CPU
		{20FDA6ED-B68E-4610-807B-F358668F181E}.Release|Any CPU.Build.0 = Release|Any CPU
		{20FDA6ED-B68E-4610-807B-F358668F181E}.Release|Any CPU.Deploy.0 = Release|Any CPU
		{20FDA6ED-B68E-4610-807B-F358668F181E}.Release|ARM.ActiveCfg = Release|Any CPU
		{20FDA6ED-B68E-4610-807B-F358668F181E}.Release|ARM.Build.0 = Release|Any CPU
		{20FDA6ED-B68E-4610-807B-F358668F181E}.Release|ARM.Deploy.0 = Release|Any CPU
		{20FDA6ED-B68E-4610-807B-F358668F181E}.Release|iPhone.ActiveCfg = Release|Any CPU
		{20FDA6ED-B68E-4610-807B-F358668F181E}.Release|iPhone.Build.0 = Release|Any CPU
		{20FDA6ED-B68E-4610-807B-F358668F181E}.Release|iPhone.Deploy.0 = Release|Any CPU
		{20FDA6ED-B68E-4610-807B-F358668F181E}.Release|iPhoneSimulator.ActiveCfg = Release|Any CPU
		{20FDA6ED-B68E-4610-807B-F358668F181E}.Release|iPhoneSimulator.Build.0 = Release|Any CPU
		{20FDA6ED-B68E-4610-807B-F358668F181E}.Release|iPhoneSimulator.Deploy.0 = Release|Any CPU
		{20FDA6ED-B68E-4610-807B-F358668F181E}.Release|x64.ActiveCfg = Release|Any CPU
		{20FDA6ED-B68E-4610-807B-F358668F181E}.Release|x64.Build.0 = Release|Any CPU
		{20FDA6ED-B68E-4610-807B-F358668F181E}.Release|x64.Deploy.0 = Release|Any CPU
		{20FDA6ED-B68E-4610-807B-F358668F181E}.Release|x86.ActiveCfg = Release|Any CPU
		{20FDA6ED-B68E-4610-807B-F358668F181E}.Release|x86.Build.0 = Release|Any CPU
		{20FDA6ED-B68E-4610-807B-F358668F181E}.Release|x86.Deploy.0 = Release|Any CPU
		{B445DF73-AC9E-4276-9FBA-7CB5AD5D2518}.Ad-Hoc|Any CPU.ActiveCfg = Release|Any CPU
		{B445DF73-AC9E-4276-9FBA-7CB5AD5D2518}.Ad-Hoc|Any CPU.Build.0 = Release|Any CPU
		{B445DF73-AC9E-4276-9FBA-7CB5AD5D2518}.Ad-Hoc|ARM.ActiveCfg = Release|Any CPU
		{B445DF73-AC9E-4276-9FBA-7CB5AD5D2518}.Ad-Hoc|ARM.Build.0 = Release|Any CPU
		{B445DF73-AC9E-4276-9FBA-7CB5AD5D2518}.Ad-Hoc|iPhone.ActiveCfg = Release|Any CPU
		{B445DF73-AC9E-4276-9FBA-7CB5AD5D2518}.Ad-Hoc|iPhone.Build.0 = Release|Any CPU
		{B445DF73-AC9E-4276-9FBA-7CB5AD5D2518}.Ad-Hoc|iPhoneSimulator.ActiveCfg = Release|Any CPU
		{B445DF73-AC9E-4276-9FBA-7CB5AD5D2518}.Ad-Hoc|iPhoneSimulator.Build.0 = Release|Any CPU
		{B445DF73-AC9E-4276-9FBA-7CB5AD5D2518}.Ad-Hoc|x64.ActiveCfg = Release|Any CPU
		{B445DF73-AC9E-4276-9FBA-7CB5AD5D2518}.Ad-Hoc|x64.Build.0 = Release|Any CPU
		{B445DF73-AC9E-4276-9FBA-7CB5AD5D2518}.Ad-Hoc|x86.ActiveCfg = Release|Any CPU
		{B445DF73-AC9E-4276-9FBA-7CB5AD5D2518}.Ad-Hoc|x86.Build.0 = Release|Any CPU
		{B445DF73-AC9E-4276-9FBA-7CB5AD5D2518}.AppStore|Any CPU.ActiveCfg = Release|Any CPU
		{B445DF73-AC9E-4276-9FBA-7CB5AD5D2518}.AppStore|Any CPU.Build.0 = Release|Any CPU
		{B445DF73-AC9E-4276-9FBA-7CB5AD5D2518}.AppStore|ARM.ActiveCfg = Release|Any CPU
		{B445DF73-AC9E-4276-9FBA-7CB5AD5D2518}.AppStore|ARM.Build.0 = Release|Any CPU
		{B445DF73-AC9E-4276-9FBA-7CB5AD5D2518}.AppStore|iPhone.ActiveCfg = Release|Any CPU
		{B445DF73-AC9E-4276-9FBA-7CB5AD5D2518}.AppStore|iPhone.Build.0 = Release|Any CPU
		{B445DF73-AC9E-4276-9FBA-7CB5AD5D2518}.AppStore|iPhoneSimulator.ActiveCfg = Release|Any CPU
		{B445DF73-AC9E-4276-9FBA-7CB5AD5D2518}.AppStore|iPhoneSimulator.Build.0 = Release|Any CPU
		{B445DF73-AC9E-4276-9FBA-7CB5AD5D2518}.AppStore|x64.ActiveCfg = Release|Any CPU
		{B445DF73-AC9E-4276-9FBA-7CB5AD5D2518}.AppStore|x64.Build.0 = Release|Any CPU
		{B445DF73-AC9E-4276-9FBA-7CB5AD5D2518}.AppStore|x86.ActiveCfg = Release|Any CPU
		{B445DF73-AC9E-4276-9FBA-7CB5AD5D2518}.AppStore|x86.Build.0 = Release|Any CPU
		{B445DF73-AC9E-4276-9FBA-7CB5AD5D2518}.Debug|Any CPU.ActiveCfg = Debug|Any CPU
		{B445DF73-AC9E-4276-9FBA-7CB5AD5D2518}.Debug|Any CPU.Build.0 = Debug|Any CPU
		{B445DF73-AC9E-4276-9FBA-7CB5AD5D2518}.Debug|ARM.ActiveCfg = Debug|Any CPU
		{B445DF73-AC9E-4276-9FBA-7CB5AD5D2518}.Debug|ARM.Build.0 = Debug|Any CPU
		{B445DF73-AC9E-4276-9FBA-7CB5AD5D2518}.Debug|iPhone.ActiveCfg = Debug|Any CPU
		{B445DF73-AC9E-4276-9FBA-7CB5AD5D2518}.Debug|iPhone.Build.0 = Debug|Any CPU
		{B445DF73-AC9E-4276-9FBA-7CB5AD5D2518}.Debug|iPhoneSimulator.ActiveCfg = Debug|Any CPU
		{B445DF73-AC9E-4276-9FBA-7CB5AD5D2518}.Debug|iPhoneSimulator.Build.0 = Debug|Any CPU
		{B445DF73-AC9E-4276-9FBA-7CB5AD5D2518}.Debug|x64.ActiveCfg = Debug|Any CPU
		{B445DF73-AC9E-4276-9FBA-7CB5AD5D2518}.Debug|x64.Build.0 = Debug|Any CPU
		{B445DF73-AC9E-4276-9FBA-7CB5AD5D2518}.Debug|x86.ActiveCfg = Debug|Any CPU
		{B445DF73-AC9E-4276-9FBA-7CB5AD5D2518}.Debug|x86.Build.0 = Debug|Any CPU
		{B445DF73-AC9E-4276-9FBA-7CB5AD5D2518}.Release|Any CPU.ActiveCfg = Release|Any CPU
		{B445DF73-AC9E-4276-9FBA-7CB5AD5D2518}.Release|Any CPU.Build.0 = Release|Any CPU
		{B445DF73-AC9E-4276-9FBA-7CB5AD5D2518}.Release|ARM.ActiveCfg = Release|Any CPU
		{B445DF73-AC9E-4276-9FBA-7CB5AD5D2518}.Release|ARM.Build.0 = Release|Any CPU
		{B445DF73-AC9E-4276-9FBA-7CB5AD5D2518}.Release|iPhone.ActiveCfg = Release|Any CPU
		{B445DF73-AC9E-4276-9FBA-7CB5AD5D2518}.Release|iPhone.Build.0 = Release|Any CPU
		{B445DF73-AC9E-4276-9FBA-7CB5AD5D2518}.Release|iPhoneSimulator.ActiveCfg = Release|Any CPU
		{B445DF73-AC9E-4276-9FBA-7CB5AD5D2518}.Release|iPhoneSimulator.Build.0 = Release|Any CPU
		{B445DF73-AC9E-4276-9FBA-7CB5AD5D2518}.Release|x64.ActiveCfg = Release|Any CPU
		{B445DF73-AC9E-4276-9FBA-7CB5AD5D2518}.Release|x64.Build.0 = Release|Any CPU
		{B445DF73-AC9E-4276-9FBA-7CB5AD5D2518}.Release|x86.ActiveCfg = Release|Any CPU
		{B445DF73-AC9E-4276-9FBA-7CB5AD5D2518}.Release|x86.Build.0 = Release|Any CPU
	EndGlobalSection
	GlobalSection(SolutionProperties) = preSolution
		HideSolutionNode = FALSE
	EndGlobalSection
	GlobalSection(ExtensibilityGlobals) = postSolution
		SolutionGuid = {F6D05029-56B8-4E45-AF2D-0E76295DDBA2}
	EndGlobalSection
EndGlobal
